
Microsoft Visual Studio Solution File, Format Version 12.00
# Visual Studio Version 17
VisualStudioVersion = 17.7.34009.444
MinimumVisualStudioVersion = 10.0.40219.1
Project("{FAE04EC0-301F-11D3-BF4B-00C04F79EFBC}") = "Aufgabe1_auto", "Aufgabe1_auto\Aufgabe1_auto.csproj", "{7F47C5B8-5C62-4984-94B5-E2B0791D0FBB}"
EndProject
Global
	GlobalSection(SolutionConfigurationPlatforms) = preSolution
		Debug|Any CPU = Debug|Any CPU
		Release|Any CPU = Release|Any CPU
	EndGlobalSection
	GlobalSection(ProjectConfigurationPlatforms) = postSolution
		{7F47C5B8-5C62-4984-94B5-E2B0791D0FBB}.Debug|Any CPU.ActiveCfg = Debug|Any CPU
		{7F47C5B8-5C62-4984-94B5-E2B0791D0FBB}.Debug|Any CPU.Build.0 = Debug|Any CPU
		{7F47C5B8-5C62-4984-94B5-E2B0791D0FBB}.Release|Any CPU.ActiveCfg = Release|Any CPU
		{7F47C5B8-5C62-4984-94B5-E2B0791D0FBB}.Release|Any CPU.Build.0 = Release|Any CPU
	EndGlobalSection
	GlobalSection(SolutionProperties) = preSolution
		HideSolutionNode = FALSE
	EndGlobalSection
	GlobalSection(ExtensibilityGlobals) = postSolution
		SolutionGuid = {15FB6614-D878-4347-A7E4-86BFDE3D681E}
	EndGlobalSection
EndGlobal
